// !$*UTF8*$!
{
	archiveVersion = 1;
	classes = {
	};
	objectVersion = 50;
	objects = {

/* Begin PBXBuildFile section */
		46D887B325BFB0D100EB380C /* coreaudio-encoder.so in CopyFiles */ = {isa = PBXBuildFile; fileRef = 46D8878925BFB00B00EB380C /* coreaudio-encoder.so */; settings = {ATTRIBUTES = (CodeSignOnCopy, ); }; };
		46D887B425BFB0D100EB380C /* decklink-captions.so in CopyFiles */ = {isa = PBXBuildFile; fileRef = 46D8879525BFB00C00EB380C /* decklink-captions.so */; settings = {ATTRIBUTES = (CodeSignOnCopy, ); }; };
		46D887B525BFB0D100EB380C /* decklink-ouput-ui.so in CopyFiles */ = {isa = PBXBuildFile; fileRef = 46D8878D25BFB00C00EB380C /* decklink-ouput-ui.so */; settings = {ATTRIBUTES = (CodeSignOnCopy, ); }; };
		46D887B625BFB0D100EB380C /* frontend-tools.so in CopyFiles */ = {isa = PBXBuildFile; fileRef = 46D8878A25BFB00C00EB380C /* frontend-tools.so */; settings = {ATTRIBUTES = (CodeSignOnCopy, ); }; };
		46D887B725BFB0D100EB380C /* image-source.so in CopyFiles */ = {isa = PBXBuildFile; fileRef = 46D8879625BFB00C00EB380C /* image-source.so */; settings = {ATTRIBUTES = (CodeSignOnCopy, ); }; };
		46D887B825BFB0D100EB380C /* mac-avcapture.so in CopyFiles */ = {isa = PBXBuildFile; fileRef = 46D8879925BFB00D00EB380C /* mac-avcapture.so */; settings = {ATTRIBUTES = (CodeSignOnCopy, ); }; };
		46D887B925BFB0D100EB380C /* mac-capture.so in CopyFiles */ = {isa = PBXBuildFile; fileRef = 46D8879C25BFB00D00EB380C /* mac-capture.so */; settings = {ATTRIBUTES = (CodeSignOnCopy, ); }; };
		46D887BA25BFB0D100EB380C /* mac-decklink.so in CopyFiles */ = {isa = PBXBuildFile; fileRef = 46D8878E25BFB00C00EB380C /* mac-decklink.so */; settings = {ATTRIBUTES = (CodeSignOnCopy, ); }; };
		46D887BB25BFB0D100EB380C /* mac-syphon.so in CopyFiles */ = {isa = PBXBuildFile; fileRef = 46D8879225BFB00C00EB380C /* mac-syphon.so */; settings = {ATTRIBUTES = (CodeSignOnCopy, ); }; };
		46D887BC25BFB0D100EB380C /* mac-virtualcam.so in CopyFiles */ = {isa = PBXBuildFile; fileRef = 46D8879825BFB00D00EB380C /* mac-virtualcam.so */; settings = {ATTRIBUTES = (CodeSignOnCopy, ); }; };
		46D887BD25BFB0D100EB380C /* mac-vth264.so in CopyFiles */ = {isa = PBXBuildFile; fileRef = 46D8878C25BFB00C00EB380C /* mac-vth264.so */; settings = {ATTRIBUTES = (CodeSignOnCopy, ); }; };
		46D887BE25BFB0D100EB380C /* obs-browser.so in CopyFiles */ = {isa = PBXBuildFile; fileRef = 46D8878F25BFB00C00EB380C /* obs-browser.so */; settings = {ATTRIBUTES = (CodeSignOnCopy, ); }; };
		46D887BF25BFB0D100EB380C /* obs-ffmpeg.so in CopyFiles */ = {isa = PBXBuildFile; fileRef = 46D8879025BFB00C00EB380C /* obs-ffmpeg.so */; settings = {ATTRIBUTES = (CodeSignOnCopy, ); }; };
		46D887C025BFB0D100EB380C /* obs-filters.so in CopyFiles */ = {isa = PBXBuildFile; fileRef = 46D8879725BFB00D00EB380C /* obs-filters.so */; settings = {ATTRIBUTES = (CodeSignOnCopy, ); }; };
		46D887C125BFB0D100EB380C /* obs-outputs.so in CopyFiles */ = {isa = PBXBuildFile; fileRef = 46D8879325BFB00C00EB380C /* obs-outputs.so */; settings = {ATTRIBUTES = (CodeSignOnCopy, ); }; };
		46D887C225BFB0D100EB380C /* obs-transitions.so in CopyFiles */ = {isa = PBXBuildFile; fileRef = 46D8879125BFB00C00EB380C /* obs-transitions.so */; settings = {ATTRIBUTES = (CodeSignOnCopy, ); }; };
		46D887C325BFB0D100EB380C /* obs-vst.so in CopyFiles */ = {isa = PBXBuildFile; fileRef = 46D8878825BFB00B00EB380C /* obs-vst.so */; settings = {ATTRIBUTES = (CodeSignOnCopy, ); }; };
		46D887C425BFB0D100EB380C /* obs-x264.so in CopyFiles */ = {isa = PBXBuildFile; fileRef = 46D8878B25BFB00C00EB380C /* obs-x264.so */; settings = {ATTRIBUTES = (CodeSignOnCopy, ); }; };
		46D887C525BFB0D100EB380C /* rtmp-services.so in CopyFiles */ = {isa = PBXBuildFile; fileRef = 46D8879A25BFB00D00EB380C /* rtmp-services.so */; settings = {ATTRIBUTES = (CodeSignOnCopy, ); }; };
		46D887C625BFB0D100EB380C /* text-freetype2.so in CopyFiles */ = {isa = PBXBuildFile; fileRef = 46D8879425BFB00C00EB380C /* text-freetype2.so */; settings = {ATTRIBUTES = (CodeSignOnCopy, ); }; };
		46D887C725BFB0D100EB380C /* vlc-video.so in CopyFiles */ = {isa = PBXBuildFile; fileRef = 46D8879B25BFB00D00EB380C /* vlc-video.so */; settings = {ATTRIBUTES = (CodeSignOnCopy, ); }; };
		46D887CE25BFB1DC00EB380C /* libobs-scripting.dylib in Embed Libraries */ = {isa = PBXBuildFile; fileRef = 46D887C925BFB1DC00EB380C /* libobs-scripting.dylib */; settings = {ATTRIBUTES = (CodeSignOnCopy, ); }; };
		46D887CF25BFB1DC00EB380C /* libobs.0.dylib in Embed Libraries */ = {isa = PBXBuildFile; fileRef = 46D887CA25BFB1DC00EB380C /* libobs.0.dylib */; settings = {ATTRIBUTES = (CodeSignOnCopy, ); }; };
		46D887D025BFB1DC00EB380C /* libobsglad.0.dylib in Embed Libraries */ = {isa = PBXBuildFile; fileRef = 46D887CB25BFB1DC00EB380C /* libobsglad.0.dylib */; settings = {ATTRIBUTES = (CodeSignOnCopy, ); }; };
		46D887D225BFB1DC00EB380C /* libobs-frontend-api.dylib in Embed Libraries */ = {isa = PBXBuildFile; fileRef = 46D887CD25BFB1DC00EB380C /* libobs-frontend-api.dylib */; settings = {ATTRIBUTES = (CodeSignOnCopy, ); }; };
		46E2C6B725BFB97B0008F59C /* data in CopyFiles */ = {isa = PBXBuildFile; fileRef = 46E2C6B625BFB97B0008F59C /* data */; };
		46E2C6C925BFCAB00008F59C /* libjansson.4.dylib in CopyFiles */ = {isa = PBXBuildFile; fileRef = 46E2C6BC25BFCAB00008F59C /* libjansson.4.dylib */; settings = {ATTRIBUTES = (CodeSignOnCopy, ); }; };
		46E2C6CB25BFCAB10008F59C /* libmbedx509.2.24.0.dylib in CopyFiles */ = {isa = PBXBuildFile; fileRef = 46E2C6BD25BFCAB00008F59C /* libmbedx509.2.24.0.dylib */; settings = {ATTRIBUTES = (CodeSignOnCopy, ); }; };
		46E2C6CD25BFCAB10008F59C /* librnnoise.0.dylib in CopyFiles */ = {isa = PBXBuildFile; fileRef = 46E2C6BE25BFCAB00008F59C /* librnnoise.0.dylib */; settings = {ATTRIBUTES = (CodeSignOnCopy, ); }; };
		46E2C6CF25BFCAB10008F59C /* libluajit-5.1.2.1.0.dylib in CopyFiles */ = {isa = PBXBuildFile; fileRef = 46E2C6BF25BFCAB00008F59C /* libluajit-5.1.2.1.0.dylib */; settings = {ATTRIBUTES = (CodeSignOnCopy, ); }; };
		46E2C6D125BFCAB10008F59C /* libpostproc.55.dylib in CopyFiles */ = {isa = PBXBuildFile; fileRef = 46E2C6C025BFCAB00008F59C /* libpostproc.55.dylib */; settings = {ATTRIBUTES = (CodeSignOnCopy, ); }; };
		46E2C6D325BFCAB10008F59C /* libfreetype.6.dylib in CopyFiles */ = {isa = PBXBuildFile; fileRef = 46E2C6C125BFCAB00008F59C /* libfreetype.6.dylib */; settings = {ATTRIBUTES = (CodeSignOnCopy, ); }; };
		46E2C6D525BFCAB10008F59C /* libavformat.58.dylib in CopyFiles */ = {isa = PBXBuildFile; fileRef = 46E2C6C225BFCAB00008F59C /* libavformat.58.dylib */; settings = {ATTRIBUTES = (CodeSignOnCopy, ); }; };
		46E2C6D725BFCAB10008F59C /* libavfilter.7.dylib in CopyFiles */ = {isa = PBXBuildFile; fileRef = 46E2C6C325BFCAB00008F59C /* libavfilter.7.dylib */; settings = {ATTRIBUTES = (CodeSignOnCopy, ); }; };
		46E2C6D925BFCAB10008F59C /* libavdevice.58.dylib in CopyFiles */ = {isa = PBXBuildFile; fileRef = 46E2C6C425BFCAB00008F59C /* libavdevice.58.dylib */; settings = {ATTRIBUTES = (CodeSignOnCopy, ); }; };
		46E2C6DB25BFCAB10008F59C /* libmbedcrypto.2.24.0.dylib in CopyFiles */ = {isa = PBXBuildFile; fileRef = 46E2C6C525BFCAB00008F59C /* libmbedcrypto.2.24.0.dylib */; settings = {ATTRIBUTES = (CodeSignOnCopy, ); }; };
		46E2C6DD25BFCAB10008F59C /* libavutil.56.dylib in CopyFiles */ = {isa = PBXBuildFile; fileRef = 46E2C6C625BFCAB00008F59C /* libavutil.56.dylib */; settings = {ATTRIBUTES = (CodeSignOnCopy, ); }; };
		46E2C6DF25BFCAB10008F59C /* libmbedtls.2.24.0.dylib in CopyFiles */ = {isa = PBXBuildFile; fileRef = 46E2C6C725BFCAB00008F59C /* libmbedtls.2.24.0.dylib */; settings = {ATTRIBUTES = (CodeSignOnCopy, ); }; };
		46FFC83F2558A10100D79F66 /* obslib.framework in Frameworks */ = {isa = PBXBuildFile; fileRef = 46FFC8352558A10000D79F66 /* obslib.framework */; };
		46FFC8442558A10100D79F66 /* obslib_frameworkTests.m in Sources */ = {isa = PBXBuildFile; fileRef = 46FFC8432558A10100D79F66 /* obslib_frameworkTests.m */; };
		46FFC8462558A10100D79F66 /* obslib_framework.h in Headers */ = {isa = PBXBuildFile; fileRef = 46FFC8382558A10000D79F66 /* obslib_framework.h */; settings = {ATTRIBUTES = (Public, ); }; };
		46FFC8512558A30000D79F66 /* AVFoundation.framework in Frameworks */ = {isa = PBXBuildFile; fileRef = 46FFC8502558A30000D79F66 /* AVFoundation.framework */; };
/* End PBXBuildFile section */

/* Begin PBXContainerItemProxy section */
		46FFC8402558A10100D79F66 /* PBXContainerItemProxy */ = {
			isa = PBXContainerItemProxy;
			containerPortal = 46FFC82C2558A10000D79F66 /* Project object */;
			proxyType = 1;
			remoteGlobalIDString = 46FFC8342558A10000D79F66;
			remoteInfo = "obslib-framework";
		};
/* End PBXContainerItemProxy section */

/* Begin PBXCopyFilesBuildPhase section */
		461D699025599955003E4A28 /* CopyFiles */ = {
			isa = PBXCopyFilesBuildPhase;
			buildActionMask = 2147483647;
			dstPath = Headers/graphics;
			dstSubfolderSpec = 1;
			files = (
			);
			runOnlyForDeploymentPostprocessing = 0;
		};
		461D69A6255999CE003E4A28 /* CopyFiles */ = {
			isa = PBXCopyFilesBuildPhase;
			buildActionMask = 2147483647;
			dstPath = "Headers/media-io";
			dstSubfolderSpec = 1;
			files = (
			);
			runOnlyForDeploymentPostprocessing = 0;
		};
		461D69C225599A88003E4A28 /* Copy Files */ = {
			isa = PBXCopyFilesBuildPhase;
			buildActionMask = 2147483647;
			dstPath = "";
			dstSubfolderSpec = 1;
			files = (
			);
			name = "Copy Files";
			runOnlyForDeploymentPostprocessing = 0;
		};
		4689F4BD255C4D3F00A98111 /* CopyFiles */ = {
			isa = PBXCopyFilesBuildPhase;
			buildActionMask = 2147483647;
			dstPath = Resources;
			dstSubfolderSpec = 1;
			files = (
				46E2C6B725BFB97B0008F59C /* data in CopyFiles */,
			);
			runOnlyForDeploymentPostprocessing = 0;
		};
		46FFC8592558A35B00D79F66 /* Embed Libraries */ = {
			isa = PBXCopyFilesBuildPhase;
			buildActionMask = 2147483647;
			dstPath = Libraries;
			dstSubfolderSpec = 6;
			files = (
				46D887D225BFB1DC00EB380C /* libobs-frontend-api.dylib in Embed Libraries */,
				46D887CF25BFB1DC00EB380C /* libobs.0.dylib in Embed Libraries */,
				46D887CE25BFB1DC00EB380C /* libobs-scripting.dylib in Embed Libraries */,
				46D887D025BFB1DC00EB380C /* libobsglad.0.dylib in Embed Libraries */,
			);
			name = "Embed Libraries";
			runOnlyForDeploymentPostprocessing = 0;
		};
		46FFC8602558A3A800D79F66 /* CopyFiles */ = {
			isa = PBXCopyFilesBuildPhase;
			buildActionMask = 2147483647;
			dstPath = "";
			dstSubfolderSpec = 10;
			files = (
				46E2C6DB25BFCAB10008F59C /* libmbedcrypto.2.24.0.dylib in CopyFiles */,
				46E2C6CF25BFCAB10008F59C /* libluajit-5.1.2.1.0.dylib in CopyFiles */,
				46E2C6DD25BFCAB10008F59C /* libavutil.56.dylib in CopyFiles */,
				46E2C6D725BFCAB10008F59C /* libavfilter.7.dylib in CopyFiles */,
				46E2C6D925BFCAB10008F59C /* libavdevice.58.dylib in CopyFiles */,
				46E2C6D525BFCAB10008F59C /* libavformat.58.dylib in CopyFiles */,
				46E2C6CB25BFCAB10008F59C /* libmbedx509.2.24.0.dylib in CopyFiles */,
				46E2C6DF25BFCAB10008F59C /* libmbedtls.2.24.0.dylib in CopyFiles */,
				46E2C6D325BFCAB10008F59C /* libfreetype.6.dylib in CopyFiles */,
				46E2C6CD25BFCAB10008F59C /* librnnoise.0.dylib in CopyFiles */,
				46E2C6D125BFCAB10008F59C /* libpostproc.55.dylib in CopyFiles */,
				46E2C6C925BFCAB00008F59C /* libjansson.4.dylib in CopyFiles */,
			);
			runOnlyForDeploymentPostprocessing = 0;
		};
		46FFC8632558A42800D79F66 /* CopyFiles */ = {
			isa = PBXCopyFilesBuildPhase;
			buildActionMask = 2147483647;
			dstPath = "";
			dstSubfolderSpec = 13;
			files = (
				46D887B325BFB0D100EB380C /* coreaudio-encoder.so in CopyFiles */,
				46D887B425BFB0D100EB380C /* decklink-captions.so in CopyFiles */,
				46D887B525BFB0D100EB380C /* decklink-ouput-ui.so in CopyFiles */,
				46D887B625BFB0D100EB380C /* frontend-tools.so in CopyFiles */,
				46D887B725BFB0D100EB380C /* image-source.so in CopyFiles */,
				46D887B825BFB0D100EB380C /* mac-avcapture.so in CopyFiles */,
				46D887B925BFB0D100EB380C /* mac-capture.so in CopyFiles */,
				46D887BA25BFB0D100EB380C /* mac-decklink.so in CopyFiles */,
				46D887BB25BFB0D100EB380C /* mac-syphon.so in CopyFiles */,
				46D887BC25BFB0D100EB380C /* mac-virtualcam.so in CopyFiles */,
				46D887BD25BFB0D100EB380C /* mac-vth264.so in CopyFiles */,
				46D887BE25BFB0D100EB380C /* obs-browser.so in CopyFiles */,
				46D887BF25BFB0D100EB380C /* obs-ffmpeg.so in CopyFiles */,
				46D887C025BFB0D100EB380C /* obs-filters.so in CopyFiles */,
				46D887C125BFB0D100EB380C /* obs-outputs.so in CopyFiles */,
				46D887C225BFB0D100EB380C /* obs-transitions.so in CopyFiles */,
				46D887C325BFB0D100EB380C /* obs-vst.so in CopyFiles */,
				46D887C425BFB0D100EB380C /* obs-x264.so in CopyFiles */,
				46D887C525BFB0D100EB380C /* rtmp-services.so in CopyFiles */,
				46D887C625BFB0D100EB380C /* text-freetype2.so in CopyFiles */,
				46D887C725BFB0D100EB380C /* vlc-video.so in CopyFiles */,
			);
			runOnlyForDeploymentPostprocessing = 0;
		};
		46FFCA3C2558B0CE00D79F66 /* CopyFiles */ = {
			isa = PBXCopyFilesBuildPhase;
			buildActionMask = 2147483647;
			dstPath = Headers/util;
			dstSubfolderSpec = 1;
			files = (
			);
			runOnlyForDeploymentPostprocessing = 0;
		};
/* End PBXCopyFilesBuildPhase section */

/* Begin PBXFileReference section */
		461D69D5255C2CFB003E4A28 /* libavcodec.58.dylib */ = {isa = PBXFileReference; lastKnownFileType = "compiled.mach-o.dylib"; name = libavcodec.58.dylib; path = ../../../../private/tmp/obsdeps/bin/libavcodec.58.dylib; sourceTree = "<group>"; };
		461D69D8255C2D0E003E4A28 /* libavutil.56.dylib */ = {isa = PBXFileReference; lastKnownFileType = "compiled.mach-o.dylib"; name = libavutil.56.dylib; path = ../../../../private/tmp/obsdeps/bin/libavutil.56.dylib; sourceTree = "<group>"; };
		461D69DB255C2D1D003E4A28 /* libavformat.58.dylib */ = {isa = PBXFileReference; lastKnownFileType = "compiled.mach-o.dylib"; name = libavformat.58.dylib; path = ../../../../private/tmp/obsdeps/bin/libavformat.58.dylib; sourceTree = "<group>"; };
		467B07C325C4CF0300C4E45F /* Headers */ = {isa = PBXFileReference; lastKnownFileType = folder; name = Headers; path = "../libobs-files/Headers"; sourceTree = "<group>"; };
		4689F4A0255C375000A98111 /* libmbedtls.2.16.5.dylib */ = {isa = PBXFileReference; lastKnownFileType = "compiled.mach-o.dylib"; name = libmbedtls.2.16.5.dylib; path = ../../../../private/tmp/obsdeps/lib/libmbedtls.2.16.5.dylib; sourceTree = "<group>"; };
		4689F4A1255C375000A98111 /* libfreetype.6.dylib */ = {isa = PBXFileReference; lastKnownFileType = "compiled.mach-o.dylib"; name = libfreetype.6.dylib; path = ../../../../private/tmp/obsdeps/lib/libfreetype.6.dylib; sourceTree = "<group>"; };
		4689F4A2255C375000A98111 /* libmbedx509.2.16.5.dylib */ = {isa = PBXFileReference; lastKnownFileType = "compiled.mach-o.dylib"; name = libmbedx509.2.16.5.dylib; path = ../../../../private/tmp/obsdeps/lib/libmbedx509.2.16.5.dylib; sourceTree = "<group>"; };
		4689F4A3255C375100A98111 /* librnnoise.0.dylib */ = {isa = PBXFileReference; lastKnownFileType = "compiled.mach-o.dylib"; name = librnnoise.0.dylib; path = ../../../../private/tmp/obsdeps/lib/librnnoise.0.dylib; sourceTree = "<group>"; };
		4689F4A4255C375100A98111 /* libluajit-5.1.2.1.0.dylib */ = {isa = PBXFileReference; lastKnownFileType = "compiled.mach-o.dylib"; name = "libluajit-5.1.2.1.0.dylib"; path = "../../../../private/tmp/obsdeps/lib/libluajit-5.1.2.1.0.dylib"; sourceTree = "<group>"; };
		4689F4A5255C375100A98111 /* libmbedcrypto.2.16.5.dylib */ = {isa = PBXFileReference; lastKnownFileType = "compiled.mach-o.dylib"; name = libmbedcrypto.2.16.5.dylib; path = ../../../../private/tmp/obsdeps/lib/libmbedcrypto.2.16.5.dylib; sourceTree = "<group>"; };
		4689F4AC255C37C600A98111 /* libavformat.58.dylib */ = {isa = PBXFileReference; lastKnownFileType = "compiled.mach-o.dylib"; name = libavformat.58.dylib; path = ../../../../private/tmp/obsdeps/bin/libavformat.58.dylib; sourceTree = "<group>"; };
		4689F4AD255C37C600A98111 /* libpostproc.55.dylib */ = {isa = PBXFileReference; lastKnownFileType = "compiled.mach-o.dylib"; name = libpostproc.55.dylib; path = ../../../../private/tmp/obsdeps/bin/libpostproc.55.dylib; sourceTree = "<group>"; };
		4689F4AE255C37C600A98111 /* libavfilter.7.dylib */ = {isa = PBXFileReference; lastKnownFileType = "compiled.mach-o.dylib"; name = libavfilter.7.dylib; path = ../../../../private/tmp/obsdeps/bin/libavfilter.7.dylib; sourceTree = "<group>"; };
		4689F4AF255C37C600A98111 /* libjansson.4.dylib */ = {isa = PBXFileReference; lastKnownFileType = "compiled.mach-o.dylib"; name = libjansson.4.dylib; path = ../../../../private/tmp/obsdeps/bin/libjansson.4.dylib; sourceTree = "<group>"; };
		4689F4B0255C37C600A98111 /* libavcodec.58.dylib */ = {isa = PBXFileReference; lastKnownFileType = "compiled.mach-o.dylib"; name = libavcodec.58.dylib; path = ../../../../private/tmp/obsdeps/bin/libavcodec.58.dylib; sourceTree = "<group>"; };
		4689F4B1255C37C600A98111 /* libavutil.56.dylib */ = {isa = PBXFileReference; lastKnownFileType = "compiled.mach-o.dylib"; name = libavutil.56.dylib; path = ../../../../private/tmp/obsdeps/bin/libavutil.56.dylib; sourceTree = "<group>"; };
		4689F4B2255C37C600A98111 /* libswscale.5.dylib */ = {isa = PBXFileReference; lastKnownFileType = "compiled.mach-o.dylib"; name = libswscale.5.dylib; path = ../../../../private/tmp/obsdeps/bin/libswscale.5.dylib; sourceTree = "<group>"; };
		4689F4B3255C37C600A98111 /* libavdevice.58.dylib */ = {isa = PBXFileReference; lastKnownFileType = "compiled.mach-o.dylib"; name = libavdevice.58.dylib; path = ../../../../private/tmp/obsdeps/bin/libavdevice.58.dylib; sourceTree = "<group>"; };
		4689F4B4255C37C700A98111 /* libx264.160.dylib */ = {isa = PBXFileReference; lastKnownFileType = "compiled.mach-o.dylib"; name = libx264.160.dylib; path = ../../../../private/tmp/obsdeps/bin/libx264.160.dylib; sourceTree = "<group>"; };
		4689F4B5255C37C700A98111 /* libswresample.3.dylib */ = {isa = PBXFileReference; lastKnownFileType = "compiled.mach-o.dylib"; name = libswresample.3.dylib; path = ../../../../private/tmp/obsdeps/bin/libswresample.3.dylib; sourceTree = "<group>"; };
		46D8878825BFB00B00EB380C /* obs-vst.so */ = {isa = PBXFileReference; lastKnownFileType = "compiled.mach-o.bundle"; name = "obs-vst.so"; path = "../../libobs-files/build/rundir/RelWithDebInfo/obs-plugins/obs-vst.so"; sourceTree = "<group>"; };
		46D8878925BFB00B00EB380C /* coreaudio-encoder.so */ = {isa = PBXFileReference; lastKnownFileType = "compiled.mach-o.bundle"; name = "coreaudio-encoder.so"; path = "../../libobs-files/build/rundir/RelWithDebInfo/obs-plugins/coreaudio-encoder.so"; sourceTree = "<group>"; };
		46D8878A25BFB00C00EB380C /* frontend-tools.so */ = {isa = PBXFileReference; lastKnownFileType = "compiled.mach-o.bundle"; name = "frontend-tools.so"; path = "../../libobs-files/build/rundir/RelWithDebInfo/obs-plugins/frontend-tools.so"; sourceTree = "<group>"; };
		46D8878B25BFB00C00EB380C /* obs-x264.so */ = {isa = PBXFileReference; lastKnownFileType = "compiled.mach-o.bundle"; name = "obs-x264.so"; path = "../../libobs-files/build/rundir/RelWithDebInfo/obs-plugins/obs-x264.so"; sourceTree = "<group>"; };
		46D8878C25BFB00C00EB380C /* mac-vth264.so */ = {isa = PBXFileReference; lastKnownFileType = "compiled.mach-o.bundle"; name = "mac-vth264.so"; path = "../../libobs-files/build/rundir/RelWithDebInfo/obs-plugins/mac-vth264.so"; sourceTree = "<group>"; };
		46D8878D25BFB00C00EB380C /* decklink-ouput-ui.so */ = {isa = PBXFileReference; lastKnownFileType = "compiled.mach-o.bundle"; name = "decklink-ouput-ui.so"; path = "../../libobs-files/build/rundir/RelWithDebInfo/obs-plugins/decklink-ouput-ui.so"; sourceTree = "<group>"; };
		46D8878E25BFB00C00EB380C /* mac-decklink.so */ = {isa = PBXFileReference; lastKnownFileType = "compiled.mach-o.bundle"; name = "mac-decklink.so"; path = "../../libobs-files/build/rundir/RelWithDebInfo/obs-plugins/mac-decklink.so"; sourceTree = "<group>"; };
		46D8878F25BFB00C00EB380C /* obs-browser.so */ = {isa = PBXFileReference; lastKnownFileType = "compiled.mach-o.bundle"; name = "obs-browser.so"; path = "../../libobs-files/build/rundir/RelWithDebInfo/obs-plugins/obs-browser.so"; sourceTree = "<group>"; };
		46D8879025BFB00C00EB380C /* obs-ffmpeg.so */ = {isa = PBXFileReference; lastKnownFileType = "compiled.mach-o.bundle"; name = "obs-ffmpeg.so"; path = "../../libobs-files/build/rundir/RelWithDebInfo/obs-plugins/obs-ffmpeg.so"; sourceTree = "<group>"; };
		46D8879125BFB00C00EB380C /* obs-transitions.so */ = {isa = PBXFileReference; lastKnownFileType = "compiled.mach-o.bundle"; name = "obs-transitions.so"; path = "../../libobs-files/build/rundir/RelWithDebInfo/obs-plugins/obs-transitions.so"; sourceTree = "<group>"; };
		46D8879225BFB00C00EB380C /* mac-syphon.so */ = {isa = PBXFileReference; lastKnownFileType = "compiled.mach-o.bundle"; name = "mac-syphon.so"; path = "../../libobs-files/build/rundir/RelWithDebInfo/obs-plugins/mac-syphon.so"; sourceTree = "<group>"; };
		46D8879325BFB00C00EB380C /* obs-outputs.so */ = {isa = PBXFileReference; lastKnownFileType = "compiled.mach-o.bundle"; name = "obs-outputs.so"; path = "../../libobs-files/build/rundir/RelWithDebInfo/obs-plugins/obs-outputs.so"; sourceTree = "<group>"; };
		46D8879425BFB00C00EB380C /* text-freetype2.so */ = {isa = PBXFileReference; lastKnownFileType = "compiled.mach-o.bundle"; name = "text-freetype2.so"; path = "../../libobs-files/build/rundir/RelWithDebInfo/obs-plugins/text-freetype2.so"; sourceTree = "<group>"; };
		46D8879525BFB00C00EB380C /* decklink-captions.so */ = {isa = PBXFileReference; lastKnownFileType = "compiled.mach-o.bundle"; name = "decklink-captions.so"; path = "../../libobs-files/build/rundir/RelWithDebInfo/obs-plugins/decklink-captions.so"; sourceTree = "<group>"; };
		46D8879625BFB00C00EB380C /* image-source.so */ = {isa = PBXFileReference; lastKnownFileType = "compiled.mach-o.bundle"; name = "image-source.so"; path = "../../libobs-files/build/rundir/RelWithDebInfo/obs-plugins/image-source.so"; sourceTree = "<group>"; };
		46D8879725BFB00D00EB380C /* obs-filters.so */ = {isa = PBXFileReference; lastKnownFileType = "compiled.mach-o.bundle"; name = "obs-filters.so"; path = "../../libobs-files/build/rundir/RelWithDebInfo/obs-plugins/obs-filters.so"; sourceTree = "<group>"; };
		46D8879825BFB00D00EB380C /* mac-virtualcam.so */ = {isa = PBXFileReference; lastKnownFileType = "compiled.mach-o.bundle"; name = "mac-virtualcam.so"; path = "../../libobs-files/build/rundir/RelWithDebInfo/obs-plugins/mac-virtualcam.so"; sourceTree = "<group>"; };
		46D8879925BFB00D00EB380C /* mac-avcapture.so */ = {isa = PBXFileReference; lastKnownFileType = "compiled.mach-o.bundle"; name = "mac-avcapture.so"; path = "../../libobs-files/build/rundir/RelWithDebInfo/obs-plugins/mac-avcapture.so"; sourceTree = "<group>"; };
		46D8879A25BFB00D00EB380C /* rtmp-services.so */ = {isa = PBXFileReference; lastKnownFileType = "compiled.mach-o.bundle"; name = "rtmp-services.so"; path = "../../libobs-files/build/rundir/RelWithDebInfo/obs-plugins/rtmp-services.so"; sourceTree = "<group>"; };
		46D8879B25BFB00D00EB380C /* vlc-video.so */ = {isa = PBXFileReference; lastKnownFileType = "compiled.mach-o.bundle"; name = "vlc-video.so"; path = "../../libobs-files/build/rundir/RelWithDebInfo/obs-plugins/vlc-video.so"; sourceTree = "<group>"; };
		46D8879C25BFB00D00EB380C /* mac-capture.so */ = {isa = PBXFileReference; lastKnownFileType = "compiled.mach-o.bundle"; name = "mac-capture.so"; path = "../../libobs-files/build/rundir/RelWithDebInfo/obs-plugins/mac-capture.so"; sourceTree = "<group>"; };
		46D887C925BFB1DC00EB380C /* libobs-scripting.dylib */ = {isa = PBXFileReference; lastKnownFileType = "compiled.mach-o.dylib"; name = "libobs-scripting.dylib"; path = "../libobs-files/build/rundir/RelWithDebInfo/bin/libobs-scripting.dylib"; sourceTree = "<group>"; };
		46D887CA25BFB1DC00EB380C /* libobs.0.dylib */ = {isa = PBXFileReference; lastKnownFileType = "compiled.mach-o.dylib"; name = libobs.0.dylib; path = "../libobs-files/build/rundir/RelWithDebInfo/bin/libobs.0.dylib"; sourceTree = "<group>"; };
		46D887CB25BFB1DC00EB380C /* libobsglad.0.dylib */ = {isa = PBXFileReference; lastKnownFileType = "compiled.mach-o.dylib"; name = libobsglad.0.dylib; path = "../libobs-files/build/rundir/RelWithDebInfo/bin/libobsglad.0.dylib"; sourceTree = "<group>"; };
		46D887CC25BFB1DC00EB380C /* libobs-opengl.so */ = {isa = PBXFileReference; lastKnownFileType = "compiled.mach-o.bundle"; name = "libobs-opengl.so"; path = "../libobs-files/build/rundir/RelWithDebInfo/bin/libobs-opengl.so"; sourceTree = "<group>"; };
		46D887CD25BFB1DC00EB380C /* libobs-frontend-api.dylib */ = {isa = PBXFileReference; lastKnownFileType = "compiled.mach-o.dylib"; name = "libobs-frontend-api.dylib"; path = "../libobs-files/build/rundir/RelWithDebInfo/bin/libobs-frontend-api.dylib"; sourceTree = "<group>"; };
		46E2C6B625BFB97B0008F59C /* data */ = {isa = PBXFileReference; lastKnownFileType = folder; name = data; path = "../libobs-files/build/rundir/RelWithDebInfo/data"; sourceTree = "<group>"; };
		46E2C6BC25BFCAB00008F59C /* libjansson.4.dylib */ = {isa = PBXFileReference; lastKnownFileType = "compiled.mach-o.dylib"; name = libjansson.4.dylib; path = "../libobs-files/libjansson.4.dylib"; sourceTree = "<group>"; };
		46E2C6BD25BFCAB00008F59C /* libmbedx509.2.24.0.dylib */ = {isa = PBXFileReference; lastKnownFileType = "compiled.mach-o.dylib"; name = libmbedx509.2.24.0.dylib; path = "../libobs-files/libmbedx509.2.24.0.dylib"; sourceTree = "<group>"; };
		46E2C6BE25BFCAB00008F59C /* librnnoise.0.dylib */ = {isa = PBXFileReference; lastKnownFileType = "compiled.mach-o.dylib"; name = librnnoise.0.dylib; path = "../libobs-files/librnnoise.0.dylib"; sourceTree = "<group>"; };
		46E2C6BF25BFCAB00008F59C /* libluajit-5.1.2.1.0.dylib */ = {isa = PBXFileReference; lastKnownFileType = "compiled.mach-o.dylib"; name = "libluajit-5.1.2.1.0.dylib"; path = "../libobs-files/libluajit-5.1.2.1.0.dylib"; sourceTree = "<group>"; };
		46E2C6C025BFCAB00008F59C /* libpostproc.55.dylib */ = {isa = PBXFileReference; lastKnownFileType = "compiled.mach-o.dylib"; name = libpostproc.55.dylib; path = "../libobs-files/libpostproc.55.dylib"; sourceTree = "<group>"; };
		46E2C6C125BFCAB00008F59C /* libfreetype.6.dylib */ = {isa = PBXFileReference; lastKnownFileType = "compiled.mach-o.dylib"; name = libfreetype.6.dylib; path = "../libobs-files/libfreetype.6.dylib"; sourceTree = "<group>"; };
		46E2C6C225BFCAB00008F59C /* libavformat.58.dylib */ = {isa = PBXFileReference; lastKnownFileType = "compiled.mach-o.dylib"; name = libavformat.58.dylib; path = "../libobs-files/libavformat.58.dylib"; sourceTree = "<group>"; };
		46E2C6C325BFCAB00008F59C /* libavfilter.7.dylib */ = {isa = PBXFileReference; lastKnownFileType = "compiled.mach-o.dylib"; name = libavfilter.7.dylib; path = "../libobs-files/libavfilter.7.dylib"; sourceTree = "<group>"; };
		46E2C6C425BFCAB00008F59C /* libavdevice.58.dylib */ = {isa = PBXFileReference; lastKnownFileType = "compiled.mach-o.dylib"; name = libavdevice.58.dylib; path = "../libobs-files/libavdevice.58.dylib"; sourceTree = "<group>"; };
		46E2C6C525BFCAB00008F59C /* libmbedcrypto.2.24.0.dylib */ = {isa = PBXFileReference; lastKnownFileType = "compiled.mach-o.dylib"; name = libmbedcrypto.2.24.0.dylib; path = "../libobs-files/libmbedcrypto.2.24.0.dylib"; sourceTree = "<group>"; };
		46E2C6C625BFCAB00008F59C /* libavutil.56.dylib */ = {isa = PBXFileReference; lastKnownFileType = "compiled.mach-o.dylib"; name = libavutil.56.dylib; path = "../libobs-files/libavutil.56.dylib"; sourceTree = "<group>"; };
		46E2C6C725BFCAB00008F59C /* libmbedtls.2.24.0.dylib */ = {isa = PBXFileReference; lastKnownFileType = "compiled.mach-o.dylib"; name = libmbedtls.2.24.0.dylib; path = "../libobs-files/libmbedtls.2.24.0.dylib"; sourceTree = "<group>"; };
		46FFC8352558A10000D79F66 /* obslib.framework */ = {isa = PBXFileReference; explicitFileType = wrapper.framework; includeInIndex = 0; path = obslib.framework; sourceTree = BUILT_PRODUCTS_DIR; };
		46FFC8382558A10000D79F66 /* obslib_framework.h */ = {isa = PBXFileReference; lastKnownFileType = sourcecode.c.h; path = obslib_framework.h; sourceTree = "<group>"; };
		46FFC8392558A10000D79F66 /* Info.plist */ = {isa = PBXFileReference; lastKnownFileType = text.plist.xml; path = Info.plist; sourceTree = "<group>"; };
		46FFC83E2558A10100D79F66 /* obslib-frameworkTests.xctest */ = {isa = PBXFileReference; explicitFileType = wrapper.cfbundle; includeInIndex = 0; path = "obslib-frameworkTests.xctest"; sourceTree = BUILT_PRODUCTS_DIR; };
		46FFC8432558A10100D79F66 /* obslib_frameworkTests.m */ = {isa = PBXFileReference; lastKnownFileType = sourcecode.c.objc; path = obslib_frameworkTests.m; sourceTree = "<group>"; };
		46FFC8452558A10100D79F66 /* Info.plist */ = {isa = PBXFileReference; lastKnownFileType = text.plist.xml; path = Info.plist; sourceTree = "<group>"; };
		46FFC8502558A30000D79F66 /* AVFoundation.framework */ = {isa = PBXFileReference; lastKnownFileType = wrapper.framework; name = AVFoundation.framework; path = System/Library/Frameworks/AVFoundation.framework; sourceTree = SDKROOT; };
/* End PBXFileReference section */

/* Begin PBXFrameworksBuildPhase section */
		46FFC8322558A10000D79F66 /* Frameworks */ = {
			isa = PBXFrameworksBuildPhase;
			buildActionMask = 2147483647;
			files = (
				46FFC8512558A30000D79F66 /* AVFoundation.framework in Frameworks */,
			);
			runOnlyForDeploymentPostprocessing = 0;
		};
		46FFC83B2558A10100D79F66 /* Frameworks */ = {
			isa = PBXFrameworksBuildPhase;
			buildActionMask = 2147483647;
			files = (
				46FFC83F2558A10100D79F66 /* obslib.framework in Frameworks */,
			);
			runOnlyForDeploymentPostprocessing = 0;
		};
/* End PBXFrameworksBuildPhase section */

/* Begin PBXGroup section */
		4689F497255C35F600A98111 /* PlugIns */ = {
			isa = PBXGroup;
			children = (
				46D8878925BFB00B00EB380C /* coreaudio-encoder.so */,
				46D8879525BFB00C00EB380C /* decklink-captions.so */,
				46D8878D25BFB00C00EB380C /* decklink-ouput-ui.so */,
				46D8878A25BFB00C00EB380C /* frontend-tools.so */,
				46D8879625BFB00C00EB380C /* image-source.so */,
				46D8879925BFB00D00EB380C /* mac-avcapture.so */,
				46D8879C25BFB00D00EB380C /* mac-capture.so */,
				46D8878E25BFB00C00EB380C /* mac-decklink.so */,
				46D8879225BFB00C00EB380C /* mac-syphon.so */,
				46D8879825BFB00D00EB380C /* mac-virtualcam.so */,
				46D8878C25BFB00C00EB380C /* mac-vth264.so */,
				46D8878F25BFB00C00EB380C /* obs-browser.so */,
				46D8879025BFB00C00EB380C /* obs-ffmpeg.so */,
				46D8879725BFB00D00EB380C /* obs-filters.so */,
				46D8879325BFB00C00EB380C /* obs-outputs.so */,
				46D8879125BFB00C00EB380C /* obs-transitions.so */,
				46D8878825BFB00B00EB380C /* obs-vst.so */,
				46D8878B25BFB00C00EB380C /* obs-x264.so */,
				46D8879A25BFB00D00EB380C /* rtmp-services.so */,
				46D8879425BFB00C00EB380C /* text-freetype2.so */,
				46D8879B25BFB00D00EB380C /* vlc-video.so */,
			);
			path = PlugIns;
			sourceTree = "<group>";
		};
		46D8A98725BFB74400EB380C /* Resources */ = {
			isa = PBXGroup;
			children = (
			);
			path = Resources;
			sourceTree = "<group>";
		};
		46FFC82B2558A10000D79F66 = {
			isa = PBXGroup;
			children = (
				4689F4B0255C37C600A98111 /* libavcodec.58.dylib */,
				4689F4B3255C37C600A98111 /* libavdevice.58.dylib */,
				4689F4AE255C37C600A98111 /* libavfilter.7.dylib */,
				4689F4AC255C37C600A98111 /* libavformat.58.dylib */,
				4689F4B1255C37C600A98111 /* libavutil.56.dylib */,
				4689F4AF255C37C600A98111 /* libjansson.4.dylib */,
				4689F4AD255C37C600A98111 /* libpostproc.55.dylib */,
				4689F4B5255C37C700A98111 /* libswresample.3.dylib */,
				4689F4B2255C37C600A98111 /* libswscale.5.dylib */,
				4689F4B4255C37C700A98111 /* libx264.160.dylib */,
				4689F4A1255C375000A98111 /* libfreetype.6.dylib */,
				4689F4A4255C375100A98111 /* libluajit-5.1.2.1.0.dylib */,
				4689F4A5255C375100A98111 /* libmbedcrypto.2.16.5.dylib */,
				4689F4A0255C375000A98111 /* libmbedtls.2.16.5.dylib */,
				4689F4A2255C375000A98111 /* libmbedx509.2.16.5.dylib */,
				4689F4A3255C375100A98111 /* librnnoise.0.dylib */,
				46E2C6B625BFB97B0008F59C /* data */,
				467B07C325C4CF0300C4E45F /* Headers */,
				4689F497255C35F600A98111 /* PlugIns */,
				46D8A98725BFB74400EB380C /* Resources */,
				46FFC8372558A10000D79F66 /* obslib-framework */,
				46FFC8422558A10100D79F66 /* obslib-frameworkTests */,
				46FFC8362558A10000D79F66 /* Products */,
				46FFC84F2558A30000D79F66 /* Frameworks */,
			);
			sourceTree = "<group>";
		};
		46FFC8362558A10000D79F66 /* Products */ = {
			isa = PBXGroup;
			children = (
				46FFC8352558A10000D79F66 /* obslib.framework */,
				46FFC83E2558A10100D79F66 /* obslib-frameworkTests.xctest */,
			);
			name = Products;
			sourceTree = "<group>";
		};
		46FFC8372558A10000D79F66 /* obslib-framework */ = {
			isa = PBXGroup;
			children = (
				46FFC8382558A10000D79F66 /* obslib_framework.h */,
				46FFC8392558A10000D79F66 /* Info.plist */,
			);
			path = "obslib-framework";
			sourceTree = "<group>";
		};
		46FFC8422558A10100D79F66 /* obslib-frameworkTests */ = {
			isa = PBXGroup;
			children = (
				46FFC8432558A10100D79F66 /* obslib_frameworkTests.m */,
				46FFC8452558A10100D79F66 /* Info.plist */,
			);
			path = "obslib-frameworkTests";
			sourceTree = "<group>";
		};
		46FFC84F2558A30000D79F66 /* Frameworks */ = {
			isa = PBXGroup;
			children = (
				46E2C6C425BFCAB00008F59C /* libavdevice.58.dylib */,
				46E2C6C325BFCAB00008F59C /* libavfilter.7.dylib */,
				46E2C6C225BFCAB00008F59C /* libavformat.58.dylib */,
				46E2C6C625BFCAB00008F59C /* libavutil.56.dylib */,
				46E2C6C125BFCAB00008F59C /* libfreetype.6.dylib */,
				46E2C6BC25BFCAB00008F59C /* libjansson.4.dylib */,
				46E2C6BF25BFCAB00008F59C /* libluajit-5.1.2.1.0.dylib */,
				46E2C6C525BFCAB00008F59C /* libmbedcrypto.2.24.0.dylib */,
				46E2C6C725BFCAB00008F59C /* libmbedtls.2.24.0.dylib */,
				46E2C6BD25BFCAB00008F59C /* libmbedx509.2.24.0.dylib */,
				46E2C6C025BFCAB00008F59C /* libpostproc.55.dylib */,
				46E2C6BE25BFCAB00008F59C /* librnnoise.0.dylib */,
				46D887CD25BFB1DC00EB380C /* libobs-frontend-api.dylib */,
				46D887CA25BFB1DC00EB380C /* libobs.0.dylib */,
				46D887CB25BFB1DC00EB380C /* libobsglad.0.dylib */,
				46D887C925BFB1DC00EB380C /* libobs-scripting.dylib */,
				46D887CC25BFB1DC00EB380C /* libobs-opengl.so */,
				461D69DB255C2D1D003E4A28 /* libavformat.58.dylib */,
				461D69D8255C2D0E003E4A28 /* libavutil.56.dylib */,
				461D69D5255C2CFB003E4A28 /* libavcodec.58.dylib */,
				46FFC8502558A30000D79F66 /* AVFoundation.framework */,
			);
			name = Frameworks;
			sourceTree = "<group>";
		};
/* End PBXGroup section */

/* Begin PBXHeadersBuildPhase section */
		46FFC8302558A10000D79F66 /* Headers */ = {
			isa = PBXHeadersBuildPhase;
			buildActionMask = 2147483647;
			files = (
				46FFC8462558A10100D79F66 /* obslib_framework.h in Headers */,
			);
			runOnlyForDeploymentPostprocessing = 0;
		};
/* End PBXHeadersBuildPhase section */

/* Begin PBXNativeTarget section */
		46FFC8342558A10000D79F66 /* obslib */ = {
			isa = PBXNativeTarget;
			buildConfigurationList = 46FFC8492558A10100D79F66 /* Build configuration list for PBXNativeTarget "obslib" */;
			buildPhases = (
				46FFC8302558A10000D79F66 /* Headers */,
				461D69C225599A88003E4A28 /* Copy Files */,
				461D699025599955003E4A28 /* CopyFiles */,
				461D69A6255999CE003E4A28 /* CopyFiles */,
				46FFCA3C2558B0CE00D79F66 /* CopyFiles */,
				46FFC8312558A10000D79F66 /* Sources */,
				46FFC8592558A35B00D79F66 /* Embed Libraries */,
				46FFC8322558A10000D79F66 /* Frameworks */,
				4689F4BD255C4D3F00A98111 /* CopyFiles */,
				46FFC8602558A3A800D79F66 /* CopyFiles */,
				46FFC8632558A42800D79F66 /* CopyFiles */,
				4689F4C2255C8BC900A98111 /* ShellScript */,
			);
			buildRules = (
			);
			dependencies = (
			);
			name = obslib;
			productName = "obslib-framework";
			productReference = 46FFC8352558A10000D79F66 /* obslib.framework */;
			productType = "com.apple.product-type.framework";
		};
		46FFC83D2558A10100D79F66 /* obslib-frameworkTests */ = {
			isa = PBXNativeTarget;
			buildConfigurationList = 46FFC84C2558A10100D79F66 /* Build configuration list for PBXNativeTarget "obslib-frameworkTests" */;
			buildPhases = (
				46FFC83A2558A10100D79F66 /* Sources */,
				46FFC83B2558A10100D79F66 /* Frameworks */,
				46FFC83C2558A10100D79F66 /* Resources */,
			);
			buildRules = (
			);
			dependencies = (
				46FFC8412558A10100D79F66 /* PBXTargetDependency */,
			);
			name = "obslib-frameworkTests";
			productName = "obslib-frameworkTests";
			productReference = 46FFC83E2558A10100D79F66 /* obslib-frameworkTests.xctest */;
			productType = "com.apple.product-type.bundle.unit-test";
		};
/* End PBXNativeTarget section */

/* Begin PBXProject section */
		46FFC82C2558A10000D79F66 /* Project object */ = {
			isa = PBXProject;
			attributes = {
				LastUpgradeCheck = 1170;
				ORGANIZATIONNAME = "Larry Aasen";
				TargetAttributes = {
					46FFC8342558A10000D79F66 = {
						CreatedOnToolsVersion = 11.7;
					};
					46FFC83D2558A10100D79F66 = {
						CreatedOnToolsVersion = 11.7;
					};
				};
			};
			buildConfigurationList = 46FFC82F2558A10000D79F66 /* Build configuration list for PBXProject "obslib-framework" */;
			compatibilityVersion = "Xcode 9.3";
			developmentRegion = en;
			hasScannedForEncodings = 0;
			knownRegions = (
				en,
				Base,
			);
			mainGroup = 46FFC82B2558A10000D79F66;
			productRefGroup = 46FFC8362558A10000D79F66 /* Products */;
			projectDirPath = "";
			projectRoot = "";
			targets = (
				46FFC8342558A10000D79F66 /* obslib */,
				46FFC83D2558A10100D79F66 /* obslib-frameworkTests */,
			);
		};
/* End PBXProject section */

/* Begin PBXResourcesBuildPhase section */
		46FFC83C2558A10100D79F66 /* Resources */ = {
			isa = PBXResourcesBuildPhase;
			buildActionMask = 2147483647;
			files = (
			);
			runOnlyForDeploymentPostprocessing = 0;
		};
/* End PBXResourcesBuildPhase section */

/* Begin PBXShellScriptBuildPhase section */
		4689F4C2255C8BC900A98111 /* ShellScript */ = {
			isa = PBXShellScriptBuildPhase;
			buildActionMask = 2147483647;
			files = (
			);
			inputFileListPaths = (
			);
			inputPaths = (
			);
			outputFileListPaths = (
			);
			outputPaths = (
			);
			runOnlyForDeploymentPostprocessing = 0;
			shellPath = "/bin/sh -x";
			shellScript = "# Copy Header files\ncp -Rf ${PROJECT_DIR}/../libobs-files/Headers/ ${CONTENTS_FOLDER_PATH}/Headers\n\n# Remove framework folder so the end result is clean\nrm -R ${PROJECT_DIR}/../obslib.framework    \n\n#mkdir -p ${PROJECT_DIR}/../build\n\ncp -Rf ${BUILT_PRODUCTS_DIR}/obslib.framework ${PROJECT_DIR}/../obslib.framework\n";
		};
/* End PBXShellScriptBuildPhase section */

/* Begin PBXSourcesBuildPhase section */
		46FFC8312558A10000D79F66 /* Sources */ = {
			isa = PBXSourcesBuildPhase;
			buildActionMask = 2147483647;
			files = (
			);
			runOnlyForDeploymentPostprocessing = 0;
		};
		46FFC83A2558A10100D79F66 /* Sources */ = {
			isa = PBXSourcesBuildPhase;
			buildActionMask = 2147483647;
			files = (
				46FFC8442558A10100D79F66 /* obslib_frameworkTests.m in Sources */,
			);
			runOnlyForDeploymentPostprocessing = 0;
		};
/* End PBXSourcesBuildPhase section */

/* Begin PBXTargetDependency section */
		46FFC8412558A10100D79F66 /* PBXTargetDependency */ = {
			isa = PBXTargetDependency;
			target = 46FFC8342558A10000D79F66 /* obslib */;
			targetProxy = 46FFC8402558A10100D79F66 /* PBXContainerItemProxy */;
		};
/* End PBXTargetDependency section */

/* Begin XCBuildConfiguration section */
		46FFC8472558A10100D79F66 /* Debug */ = {
			isa = XCBuildConfiguration;
			buildSettings = {
				ALWAYS_SEARCH_USER_PATHS = NO;
				CLANG_ANALYZER_NONNULL = YES;
				CLANG_ANALYZER_NUMBER_OBJECT_CONVERSION = YES_AGGRESSIVE;
				CLANG_CXX_LANGUAGE_STANDARD = "gnu++14";
				CLANG_CXX_LIBRARY = "libc++";
				CLANG_ENABLE_MODULES = YES;
				CLANG_ENABLE_OBJC_ARC = YES;
				CLANG_ENABLE_OBJC_WEAK = YES;
				CLANG_WARN_BLOCK_CAPTURE_AUTORELEASING = YES;
				CLANG_WARN_BOOL_CONVERSION = YES;
				CLANG_WARN_COMMA = YES;
				CLANG_WARN_CONSTANT_CONVERSION = YES;
				CLANG_WARN_DEPRECATED_OBJC_IMPLEMENTATIONS = YES;
				CLANG_WARN_DIRECT_OBJC_ISA_USAGE = YES_ERROR;
				CLANG_WARN_DOCUMENTATION_COMMENTS = YES;
				CLANG_WARN_EMPTY_BODY = YES;
				CLANG_WARN_ENUM_CONVERSION = YES;
				CLANG_WARN_INFINITE_RECURSION = YES;
				CLANG_WARN_INT_CONVERSION = YES;
				CLANG_WARN_NON_LITERAL_NULL_CONVERSION = YES;
				CLANG_WARN_OBJC_IMPLICIT_RETAIN_SELF = YES;
				CLANG_WARN_OBJC_LITERAL_CONVERSION = YES;
				CLANG_WARN_OBJC_ROOT_CLASS = YES_ERROR;
				CLANG_WARN_RANGE_LOOP_ANALYSIS = YES;
				CLANG_WARN_STRICT_PROTOTYPES = YES;
				CLANG_WARN_SUSPICIOUS_MOVE = YES;
				CLANG_WARN_UNGUARDED_AVAILABILITY = YES_AGGRESSIVE;
				CLANG_WARN_UNREACHABLE_CODE = YES;
				CLANG_WARN__DUPLICATE_METHOD_MATCH = YES;
				COPY_PHASE_STRIP = NO;
				CURRENT_PROJECT_VERSION = 1;
				DEBUG_INFORMATION_FORMAT = dwarf;
				ENABLE_STRICT_OBJC_MSGSEND = YES;
				ENABLE_TESTABILITY = YES;
				GCC_C_LANGUAGE_STANDARD = gnu11;
				GCC_DYNAMIC_NO_PIC = NO;
				GCC_NO_COMMON_BLOCKS = YES;
				GCC_OPTIMIZATION_LEVEL = 0;
				GCC_PREPROCESSOR_DEFINITIONS = (
					"DEBUG=1",
					"$(inherited)",
				);
				GCC_WARN_64_TO_32_BIT_CONVERSION = YES;
				GCC_WARN_ABOUT_RETURN_TYPE = YES_ERROR;
				GCC_WARN_UNDECLARED_SELECTOR = YES;
				GCC_WARN_UNINITIALIZED_AUTOS = YES_AGGRESSIVE;
				GCC_WARN_UNUSED_FUNCTION = YES;
				GCC_WARN_UNUSED_VARIABLE = YES;
				MTL_ENABLE_DEBUG_INFO = INCLUDE_SOURCE;
				MTL_FAST_MATH = YES;
				ONLY_ACTIVE_ARCH = YES;
				VERSIONING_SYSTEM = "apple-generic";
				VERSION_INFO_PREFIX = "";
			};
			name = Debug;
		};
		46FFC8482558A10100D79F66 /* Release */ = {
			isa = XCBuildConfiguration;
			buildSettings = {
				ALWAYS_SEARCH_USER_PATHS = NO;
				CLANG_ANALYZER_NONNULL = YES;
				CLANG_ANALYZER_NUMBER_OBJECT_CONVERSION = YES_AGGRESSIVE;
				CLANG_CXX_LANGUAGE_STANDARD = "gnu++14";
				CLANG_CXX_LIBRARY = "libc++";
				CLANG_ENABLE_MODULES = YES;
				CLANG_ENABLE_OBJC_ARC = YES;
				CLANG_ENABLE_OBJC_WEAK = YES;
				CLANG_WARN_BLOCK_CAPTURE_AUTORELEASING = YES;
				CLANG_WARN_BOOL_CONVERSION = YES;
				CLANG_WARN_COMMA = YES;
				CLANG_WARN_CONSTANT_CONVERSION = YES;
				CLANG_WARN_DEPRECATED_OBJC_IMPLEMENTATIONS = YES;
				CLANG_WARN_DIRECT_OBJC_ISA_USAGE = YES_ERROR;
				CLANG_WARN_DOCUMENTATION_COMMENTS = YES;
				CLANG_WARN_EMPTY_BODY = YES;
				CLANG_WARN_ENUM_CONVERSION = YES;
				CLANG_WARN_INFINITE_RECURSION = YES;
				CLANG_WARN_INT_CONVERSION = YES;
				CLANG_WARN_NON_LITERAL_NULL_CONVERSION = YES;
				CLANG_WARN_OBJC_IMPLICIT_RETAIN_SELF = YES;
				CLANG_WARN_OBJC_LITERAL_CONVERSION = YES;
				CLANG_WARN_OBJC_ROOT_CLASS = YES_ERROR;
				CLANG_WARN_RANGE_LOOP_ANALYSIS = YES;
				CLANG_WARN_STRICT_PROTOTYPES = YES;
				CLANG_WARN_SUSPICIOUS_MOVE = YES;
				CLANG_WARN_UNGUARDED_AVAILABILITY = YES_AGGRESSIVE;
				CLANG_WARN_UNREACHABLE_CODE = YES;
				CLANG_WARN__DUPLICATE_METHOD_MATCH = YES;
				COPY_PHASE_STRIP = NO;
				CURRENT_PROJECT_VERSION = 1;
				DEBUG_INFORMATION_FORMAT = "dwarf-with-dsym";
				ENABLE_NS_ASSERTIONS = NO;
				ENABLE_STRICT_OBJC_MSGSEND = YES;
				GCC_C_LANGUAGE_STANDARD = gnu11;
				GCC_NO_COMMON_BLOCKS = YES;
				GCC_WARN_64_TO_32_BIT_CONVERSION = YES;
				GCC_WARN_ABOUT_RETURN_TYPE = YES_ERROR;
				GCC_WARN_UNDECLARED_SELECTOR = YES;
				GCC_WARN_UNINITIALIZED_AUTOS = YES_AGGRESSIVE;
				GCC_WARN_UNUSED_FUNCTION = YES;
				GCC_WARN_UNUSED_VARIABLE = YES;
				MTL_ENABLE_DEBUG_INFO = NO;
				MTL_FAST_MATH = YES;
				VERSIONING_SYSTEM = "apple-generic";
				VERSION_INFO_PREFIX = "";
			};
			name = Release;
		};
		46FFC84A2558A10100D79F66 /* Debug */ = {
			isa = XCBuildConfiguration;
			buildSettings = {
				CODE_SIGN_STYLE = Automatic;
				COMBINE_HIDPI_IMAGES = YES;
				DEFINES_MODULE = YES;
				DEVELOPMENT_TEAM = R7B3296P2Z;
				DYLIB_COMPATIBILITY_VERSION = 1;
				DYLIB_CURRENT_VERSION = 1;
				DYLIB_INSTALL_NAME_BASE = "@rpath";
				INFOPLIST_FILE = "obslib-framework/Info.plist";
				INSTALL_PATH = "$(LOCAL_LIBRARY_DIR)/Frameworks";
				LD_RUNPATH_SEARCH_PATHS = (
					"$(inherited)",
					"@executable_path/../Frameworks",
					"@loader_path/Frameworks",
				);
				LIBRARY_SEARCH_PATHS = "${PROJECT_DIR}/../libobs-files/build/rundir/RelWithDebInfo/bin";
				MACOSX_DEPLOYMENT_TARGET = 10.11;
				MARKETING_VERSION = 26.1.2;
				PRODUCT_BUNDLE_IDENTIFIER = "com.obs-studio.libobs";
				PRODUCT_NAME = "$(TARGET_NAME:c99extidentifier)";
				PUBLIC_HEADERS_FOLDER_PATH = "$(CONTENTS_FOLDER_PATH)/Headers";
				SKIP_INSTALL = YES;
			};
			name = Debug;
		};
		46FFC84B2558A10100D79F66 /* Release */ = {
			isa = XCBuildConfiguration;
			buildSettings = {
				CODE_SIGN_STYLE = Automatic;
				COMBINE_HIDPI_IMAGES = YES;
				DEFINES_MODULE = YES;
				DEVELOPMENT_TEAM = R7B3296P2Z;
				DYLIB_COMPATIBILITY_VERSION = 1;
				DYLIB_CURRENT_VERSION = 1;
				DYLIB_INSTALL_NAME_BASE = "@rpath";
				INFOPLIST_FILE = "obslib-framework/Info.plist";
				INSTALL_PATH = "$(LOCAL_LIBRARY_DIR)/Frameworks";
				LD_RUNPATH_SEARCH_PATHS = (
					"$(inherited)",
					"@executable_path/../Frameworks",
					"@loader_path/Frameworks",
				);
				LIBRARY_SEARCH_PATHS = "${PROJECT_DIR}/../libobs-files/build/rundir/RelWithDebInfo/bin";
				MACOSX_DEPLOYMENT_TARGET = 10.11;
				MARKETING_VERSION = 26.1.2;
				PRODUCT_BUNDLE_IDENTIFIER = "com.obs-studio.libobs";
				PRODUCT_NAME = "$(TARGET_NAME:c99extidentifier)";
				PUBLIC_HEADERS_FOLDER_PATH = "$(CONTENTS_FOLDER_PATH)/Headers";
				SKIP_INSTALL = YES;
			};
			name = Release;
		};
		46FFC84D2558A10100D79F66 /* Debug */ = {
			isa = XCBuildConfiguration;
			buildSettings = {
				CODE_SIGN_STYLE = Automatic;
				COMBINE_HIDPI_IMAGES = YES;
				DEVELOPMENT_TEAM = R7B3296P2Z;
				INFOPLIST_FILE = "obslib-frameworkTests/Info.plist";
				LD_RUNPATH_SEARCH_PATHS = (
					"$(inherited)",
					"@executable_path/../Frameworks",
					"@loader_path/../Frameworks",
				);
				PRODUCT_BUNDLE_IDENTIFIER = "com.larryaasen.obslib-frameworkTests";
				PRODUCT_NAME = "$(TARGET_NAME)";
			};
			name = Debug;
		};
		46FFC84E2558A10100D79F66 /* Release */ = {
			isa = XCBuildConfiguration;
			buildSettings = {
				CODE_SIGN_STYLE = Automatic;
				COMBINE_HIDPI_IMAGES = YES;
				DEVELOPMENT_TEAM = R7B3296P2Z;
				INFOPLIST_FILE = "obslib-frameworkTests/Info.plist";
				LD_RUNPATH_SEARCH_PATHS = (
					"$(inherited)",
					"@executable_path/../Frameworks",
					"@loader_path/../Frameworks",
				);
				PRODUCT_BUNDLE_IDENTIFIER = "com.larryaasen.obslib-frameworkTests";
				PRODUCT_NAME = "$(TARGET_NAME)";
			};
			name = Release;
		};
/* End XCBuildConfiguration section */

/* Begin XCConfigurationList section */
		46FFC82F2558A10000D79F66 /* Build configuration list for PBXProject "obslib-framework" */ = {
			isa = XCConfigurationList;
			buildConfigurations = (
				46FFC8472558A10100D79F66 /* Debug */,
				46FFC8482558A10100D79F66 /* Release */,
			);
			defaultConfigurationIsVisible = 0;
			defaultConfigurationName = Release;
		};
		46FFC8492558A10100D79F66 /* Build configuration list for PBXNativeTarget "obslib" */ = {
			isa = XCConfigurationList;
			buildConfigurations = (
				46FFC84A2558A10100D79F66 /* Debug */,
				46FFC84B2558A10100D79F66 /* Release */,
			);
			defaultConfigurationIsVisible = 0;
			defaultConfigurationName = Release;
		};
		46FFC84C2558A10100D79F66 /* Build configuration list for PBXNativeTarget "obslib-frameworkTests" */ = {
			isa = XCConfigurationList;
			buildConfigurations = (
				46FFC84D2558A10100D79F66 /* Debug */,
				46FFC84E2558A10100D79F66 /* Release */,
			);
			defaultConfigurationIsVisible = 0;
			defaultConfigurationName = Release;
		};
/* End XCConfigurationList section */
	};
	rootObject = 46FFC82C2558A10000D79F66 /* Project object */;
}
